<?xml version="1.0" encoding="utf-8"?>
<Project ToolsVersion="4.0" xmlns="http://schemas.microsoft.com/developer/msbuild/2003">
  <ItemGroup>
    <Filter Include="Source Files">
      <UniqueIdentifier>{e2aa9e30-4711-4f48-bda3-7250536a438f}</UniqueIdentifier>
      <Extensions>cpp;c;cxx;rc;def;r;odl;idl;hpj;bat</Extensions>
    </Filter>
    <Filter Include="Header Files">
      <UniqueIdentifier>{bfa405d8-6180-4214-8d05-8d98475fb433}</UniqueIdentifier>
      <Extensions>h;hpp;hxx;hm;inl</Extensions>
    </Filter>
    <Filter Include="Resource Files">
      <UniqueIdentifier>{096715d0-f0cc-4193-b36c-26a051f3c271}</UniqueIdentifier>
      <Extensions>ico;cur;bmp;dlg;rc2;rct;bin;rgs;gif;jpg;jpeg;jpe</Extensions>
    </Filter>
  </ItemGroup>
  <ItemGroup>
    <ClCompile Include="Buffer.c">
      <Filter>Source Files</Filter>
    </ClCompile>
    <ClCompile Include="Chain.c">
      <Filter>Source Files</Filter>
    </ClCompile>
    <ClCompile Include="Characater.c">
      <Filter>Source Files</Filter>
    </ClCompile>
    <ClCompile Include="Checksum.c">
      <Filter>Source Files</Filter>
    </ClCompile>
    <ClCompile Include="ClientSocket.c">
      <Filter>Source Files</Filter>
    </ClCompile>
    <ClCompile Include="Digital.c">
      <Filter>Source Files</Filter>
    </ClCompile>
    <ClCompile Include="Directory.c">
      <Filter>Source Files</Filter>
    </ClCompile>
    <ClCompile Include="Ethernet.c">
      <Filter>Source Files</Filter>
    </ClCompile>
    <ClCompile Include="Hex.c">
      <Filter>Source Files</Filter>
    </ClCompile>
    <ClCompile Include="IPHelper.c">
      <Filter>Source Files</Filter>
    </ClCompile>
    <ClCompile Include="Lock.c">
      <Filter>Source Files</Filter>
    </ClCompile>
    <ClCompile Include="Log.c">
      <Filter>Source Files</Filter>
    </ClCompile>
    <ClCompile Include="Main.c">
      <Filter>Source Files</Filter>
    </ClCompile>
    <ClCompile Include="Print.c">
      <Filter>Source Files</Filter>
    </ClCompile>
    <ClCompile Include="Recorder.c">
      <Filter>Source Files</Filter>
    </ClCompile>
    <ClCompile Include="Registration.c">
      <Filter>Source Files</Filter>
    </ClCompile>
    <ClCompile Include="ServerSocket.c">
      <Filter>Source Files</Filter>
    </ClCompile>
    <ClCompile Include="SimpleTime.c">
      <Filter>Source Files</Filter>
    </ClCompile>
    <ClCompile Include="Sleep.c">
      <Filter>Source Files</Filter>
    </ClCompile>
    <ClCompile Include="Socket.c">
      <Filter>Source Files</Filter>
    </ClCompile>
    <ClCompile Include="Thread.c">
      <Filter>Source Files</Filter>
    </ClCompile>
    <ClCompile Include="Timeout.c">
      <Filter>Source Files</Filter>
    </ClCompile>
    <ClCompile Include="Timestamp.c">
      <Filter>Source Files</Filter>
    </ClCompile>
    <ClCompile Include="Tunnel.c">
      <Filter>Source Files</Filter>
    </ClCompile>
    <ClCompile Include="Watch.c">
      <Filter>Source Files</Filter>
    </ClCompile>
  </ItemGroup>
  <ItemGroup>
    <ClInclude Include="Buffer.h">
      <Filter>Header Files</Filter>
    </ClInclude>
    <ClInclude Include="Chain.h">
      <Filter>Header Files</Filter>
    </ClInclude>
    <ClInclude Include="Characater.h">
      <Filter>Header Files</Filter>
    </ClInclude>
    <ClInclude Include="Checksum.h">
      <Filter>Header Files</Filter>
    </ClInclude>
    <ClInclude Include="ClientSocket.h">
      <Filter>Header Files</Filter>
    </ClInclude>
    <ClInclude Include="Digital.h">
      <Filter>Header Files</Filter>
    </ClInclude>
    <ClInclude Include="Directory.h">
      <Filter>Header Files</Filter>
    </ClInclude>
    <ClInclude Include="Ethernet.h">
      <Filter>Header Files</Filter>
    </ClInclude>
    <ClInclude Include="Global.h">
      <Filter>Header Files</Filter>
    </ClInclude>
    <ClInclude Include="Hex.h">
      <Filter>Header Files</Filter>
    </ClInclude>
    <ClInclude Include="IPHelper.h">
      <Filter>Header Files</Filter>
    </ClInclude>
    <ClInclude Include="Lock.h">
      <Filter>Header Files</Filter>
    </ClInclude>
    <ClInclude Include="Log.h">
      <Filter>Header Files</Filter>
    </ClInclude>
    <ClInclude Include="Print.h">
      <Filter>Header Files</Filter>
    </ClInclude>
    <ClInclude Include="Recorder.h">
      <Filter>Header Files</Filter>
    </ClInclude>
    <ClInclude Include="Registration.h">
      <Filter>Header Files</Filter>
    </ClInclude>
    <ClInclude Include="ServerSocket.h">
      <Filter>Header Files</Filter>
    </ClInclude>
    <ClInclude Include="SimpleTime.h">
      <Filter>Header Files</Filter>
    </ClInclude>
    <ClInclude Include="Sleep.h">
      <Filter>Header Files</Filter>
    </ClInclude>
    <ClInclude Include="Socket.h">
      <Filter>Header Files</Filter>
    </ClInclude>
    <ClInclude Include="Thread.h">
      <Filter>Header Files</Filter>
    </ClInclude>
    <ClInclude Include="Timeout.h">
      <Filter>Header Files</Filter>
    </ClInclude>
    <ClInclude Include="Timestamp.h">
      <Filter>Header Files</Filter>
    </ClInclude>
    <ClInclude Include="Tunnel.h">
      <Filter>Header Files</Filter>
    </ClInclude>
    <ClInclude Include="Watch.h">
      <Filter>Header Files</Filter>
    </ClInclude>
  </ItemGroup>
</Project>